{
  "name": "acb-converter",
  "version": "1.0.0",
  "lockfileVersion": 3,
  "requires": true,
  "packages": {
    "": {
      "name": "acb-converter",
      "version": "1.0.0",
      "license": "ISC",
      "dependencies": {
        "ase-utils": "^0.1.1",
        "colord": "^2.9.3"
      }
    },
    "node_modules/ase-utils": {
      "version": "0.1.1",
      "resolved": "https://registry.npmjs.org/ase-utils/-/ase-utils-0.1.1.tgz",
      "integrity": "sha512-t98UlCUJul/QWq8DuhtPvf8DVwIEHHHGCcHX2OKhc/Sbh7t4NYWI5g+5s9qF5GJRTF9Bf70crIORDM4/aQcbPw==",
      "license": "MIT",
      "dependencies": {
        "bytebuffer": "3.5.4"
      }
    },
    "node_modules/bufferview": {
      "version": "1.0.1",
      "resolved": "https://registry.npmjs.org/bufferview/-/bufferview-1.0.1.tgz",
      "integrity": "sha512-q87jdvsZ/sEngmDUvPT/PJsBGCi998c3B1U/6IN1uGg+R2HrTFJUDccXZEx6OxpuLySyBDGXc7vkSt4BXTyKxA==",
      "license": "Apache-2.0",
      "engines": {
        "node": ">=0.8"
      }
    },
    "node_modules/bytebuffer": {
      "version": "3.5.4",
      "resolved": "https://registry.npmjs.org/bytebuffer/-/bytebuffer-3.5.4.tgz",
      "integrity": "sha512-3R+NTTXENJjrqe0yRqNIE10FuWXbAAGnpJaNB778GDF1if2iCbaB74O2hWN2TB/YbU3Yd9C4b9WtZTvLHJfX0Q==",
      "license": "Apache-2.0",
      "dependencies": {
        "bufferview": "~1",
        "long": "~2 >=2.2.3"
      },
      "engines": {
        "node": ">=0.8"
      }
    },
    "node_modules/colord": {
      "version": "2.9.3",
      "resolved": "https://registry.npmjs.org/colord/-/colord-2.9.3.tgz",
      "integrity": "sha512-jeC1axXpnb0/2nn/Y1LPuLdgXBLH7aDcHu4KEKfqw3CUhX7ZpfBSlPKyqXE6btIgEzfWtrX3/tyBCaCvXvMkOw==",
      "license": "MIT"
    },
    "node_modules/long": {
      "version": "2.4.0",
      "resolved": "https://registry.npmjs.org/long/-/long-2.4.0.tgz",
      "integrity": "sha512-ijUtjmO/n2A5PaosNG9ZGDsQ3vxJg7ZW8vsY8Kp0f2yIZWhSJvjmegV7t+9RPQKxKrvj8yKGehhS+po14hPLGQ==",
      "license": "Apache-2.0",
      "engines": {
        "node": ">=0.6"
      }
    }
  }
}
